
Microsoft Visual Studio Solution File, Format Version 12.00
# Visual Studio 2013
VisualStudioVersion = 12.0.31101.0
MinimumVisualStudioVersion = 10.0.40219.1
Project("{FAE04EC0-301F-11D3-BF4B-00C04F79EFBC}") = "Dapper.Aggregator", "Dapper.Aggregater\Dapper.Aggregator.csproj", "{E5CE9B74-C868-429A-840E-4F60D461F118}"
EndProject
Project("{2150E333-8FDC-42A3-9474-1A3956D46DE8}") = "ExternalFiles", "ExternalFiles", "{ECB32CDC-636C-47F4-8968-71080736F850}"
	ProjectSection(SolutionItems) = preProject
		ExternalFiles\Dapper.dll = ExternalFiles\Dapper.dll
		ExternalFiles\SampleDB.sdf = ExternalFiles\SampleDB.sdf
		ExternalFiles\sqlceca40.dll = ExternalFiles\sqlceca40.dll
		ExternalFiles\sqlcecompact40.dll = ExternalFiles\sqlcecompact40.dll
		ExternalFiles\sqlceer40EN.dll = ExternalFiles\sqlceer40EN.dll
		ExternalFiles\sqlceer40JA.dll = ExternalFiles\sqlceer40JA.dll
		ExternalFiles\sqlceme40.dll = ExternalFiles\sqlceme40.dll
		ExternalFiles\sqlceoledb40.dll = ExternalFiles\sqlceoledb40.dll
		ExternalFiles\sqlceqp40.dll = ExternalFiles\sqlceqp40.dll
		ExternalFiles\sqlcese40.dll = ExternalFiles\sqlcese40.dll
		ExternalFiles\System.Data.SqlServerCe.dll = ExternalFiles\System.Data.SqlServerCe.dll
	EndProjectSection
EndProject
Project("{FAE04EC0-301F-11D3-BF4B-00C04F79EFBC}") = "Dapper.Aggregator.SampleConsoleApp", "Dapper.Aggregater.SampleConsoleApp\Dapper.Aggregator.SampleConsoleApp.csproj", "{B6FAF935-AF52-423C-A86E-4619DBA862F6}"
EndProject
Global
	GlobalSection(SolutionConfigurationPlatforms) = preSolution
		Debug|Any CPU = Debug|Any CPU
		Release|Any CPU = Release|Any CPU
	EndGlobalSection
	GlobalSection(ProjectConfigurationPlatforms) = postSolution
		{E5CE9B74-C868-429A-840E-4F60D461F118}.Debug|Any CPU.ActiveCfg = Debug|Any CPU
		{E5CE9B74-C868-429A-840E-4F60D461F118}.Debug|Any CPU.Build.0 = Debug|Any CPU
		{E5CE9B74-C868-429A-840E-4F60D461F118}.Release|Any CPU.ActiveCfg = Release|Any CPU
		{E5CE9B74-C868-429A-840E-4F60D461F118}.Release|Any CPU.Build.0 = Release|Any CPU
		{B6FAF935-AF52-423C-A86E-4619DBA862F6}.Debug|Any CPU.ActiveCfg = Debug|Any CPU
		{B6FAF935-AF52-423C-A86E-4619DBA862F6}.Debug|Any CPU.Build.0 = Debug|Any CPU
		{B6FAF935-AF52-423C-A86E-4619DBA862F6}.Release|Any CPU.ActiveCfg = Release|Any CPU
		{B6FAF935-AF52-423C-A86E-4619DBA862F6}.Release|Any CPU.Build.0 = Release|Any CPU
	EndGlobalSection
	GlobalSection(SolutionProperties) = preSolution
		HideSolutionNode = FALSE
	EndGlobalSection
EndGlobal
